// !$*UTF8*$!
{
	archiveVersion = 1;
	classes = {
	};
	objectVersion = 50;
	objects = {

/* Begin PBXBuildFile section */
		F0C58F51249A45390007188A /* AppDelegate.swift in Sources */ = {isa = PBXBuildFile; fileRef = F0C58F50249A45390007188A /* AppDelegate.swift */; };
		F0C58F53249A45390007188A /* SceneDelegate.swift in Sources */ = {isa = PBXBuildFile; fileRef = F0C58F52249A45390007188A /* SceneDelegate.swift */; };
		F0C58F55249A45390007188A /* ViewController.swift in Sources */ = {isa = PBXBuildFile; fileRef = F0C58F54249A45390007188A /* ViewController.swift */; };
		F0C58F58249A45390007188A /* Main.storyboard in Resources */ = {isa = PBXBuildFile; fileRef = F0C58F56249A45390007188A /* Main.storyboard */; };
		F0C58F5A249A453C0007188A /* Assets.xcassets in Resources */ = {isa = PBXBuildFile; fileRef = F0C58F59249A453C0007188A /* Assets.xcassets */; };
		F0C58F5D249A453C0007188A /* LaunchScreen.storyboard in Resources */ = {isa = PBXBuildFile; fileRef = F0C58F5B249A453C0007188A /* LaunchScreen.storyboard */; };
		F0C58F65249A461B0007188A /* Books.xml in Resources */ = {isa = PBXBuildFile; fileRef = F0C58F64249A461B0007188A /* Books.xml */; };
		F0C58F67249A5ECE0007188A /* part_pv.xml in Resources */ = {isa = PBXBuildFile; fileRef = F0C58F66249A5ECE0007188A /* part_pv.xml */; };
/* End PBXBuildFile section */

/* Begin PBXFileReference section */
		F0C58F4D249A45390007188A /* XMLParsingTest.app */ = {isa = PBXFileReference; explicitFileType = wrapper.application; includeInIndex = 0; path = XMLParsingTest.app; sourceTree = BUILT_PRODUCTS_DIR; };
		F0C58F50249A45390007188A /* AppDelegate.swift */ = {isa = PBXFileReference; lastKnownFileType = sourcecode.swift; path = AppDelegate.swift; sourceTree = "<group>"; };
		F0C58F52249A45390007188A /* SceneDelegate.swift */ = {isa = PBXFileReference; lastKnownFileType = sourcecode.swift; path = SceneDelegate.swift; sourceTree = "<group>"; };
		F0C58F54249A45390007188A /* ViewController.swift */ = {isa = PBXFileReference; lastKnownFileType = sourcecode.swift; path = ViewController.swift; sourceTree = "<group>"; };
		F0C58F57249A45390007188A /* Base */ = {isa = PBXFileReference; lastKnownFileType = file.storyboard; name = Base; path = Base.lproj/Main.storyboard; sourceTree = "<group>"; };
		F0C58F59249A453C0007188A /* Assets.xcassets */ = {isa = PBXFileReference; lastKnownFileType = folder.assetcatalog; path = Assets.xcassets; sourceTree = "<group>"; };
		F0C58F5C249A453C0007188A /* Base */ = {isa = PBXFileReference; lastKnownFileType = file.storyboard; name = Base; path = Base.lproj/LaunchScreen.storyboard; sourceTree = "<group>"; };
		F0C58F5E249A453C0007188A /* Info.plist */ = {isa = PBXFileReference; lastKnownFileType = text.plist.xml; path = Info.plist; sourceTree = "<group>"; };
		F0C58F64249A461B0007188A /* Books.xml */ = {isa = PBXFileReference; lastKnownFileType = text.xml; path = Books.xml; sourceTree = "<group>"; };
		F0C58F66249A5ECE0007188A /* part_pv.xml */ = {isa = PBXFileReference; fileEncoding = 4; lastKnownFileType = text.xml; path = part_pv.xml; sourceTree = "<group>"; };
/* End PBXFileReference section */

/* Begin PBXFrameworksBuildPhase section */
		F0C58F4A249A45390007188A /* Frameworks */ = {
			isa = PBXFrameworksBuildPhase;
			buildActionMask = 2147483647;
			files = (
			);
			runOnlyForDeploymentPostprocessing = 0;
		};
/* End PBXFrameworksBuildPhase section */

/* Begin PBXGroup section */
		F0C58F44249A45390007188A = {
			isa = PBXGroup;
			children = (
				F0C58F4F249A45390007188A /* XMLParsingTest */,
				F0C58F4E249A45390007188A /* Products */,
			);
			sourceTree = "<group>";
		};
		F0C58F4E249A45390007188A /* Products */ = {
			isa = PBXGroup;
			children = (
				F0C58F4D249A45390007188A /* XMLParsingTest.app */,
			);
			name = Products;
			sourceTree = "<group>";
		};
		F0C58F4F249A45390007188A /* XMLParsingTest */ = {
			isa = PBXGroup;
			children = (
				F0C58F50249A45390007188A /* AppDelegate.swift */,
				F0C58F52249A45390007188A /* SceneDelegate.swift */,
				F0C58F54249A45390007188A /* ViewController.swift */,
				F0C58F56249A45390007188A /* Main.storyboard */,
				F0C58F59249A453C0007188A /* Assets.xcassets */,
				F0C58F5B249A453C0007188A /* LaunchScreen.storyboard */,
				F0C58F5E249A453C0007188A /* Info.plist */,
				F0C58F66249A5ECE0007188A /* part_pv.xml */,
				F0C58F64249A461B0007188A /* Books.xml */,
			);
			path = XMLParsingTest;
			sourceTree = "<group>";
		};
/* End PBXGroup section */

/* Begin PBXNativeTarget section */
		F0C58F4C249A45390007188A /* XMLParsingTest */ = {
			isa = PBXNativeTarget;
			buildConfigurationList = F0C58F61249A453C0007188A /* Build configuration list for PBXNativeTarget "XMLParsingTest" */;
			buildPhases = (
				F0C58F49249A45390007188A /* Sources */,
				F0C58F4A249A45390007188A /* Frameworks */,
				F0C58F4B249A45390007188A /* Resources */,
			);
			buildRules = (
			);
			dependencies = (
			);
			name = XMLParsingTest;
			productName = XMLParsingTest;
			productReference = F0C58F4D249A45390007188A /* XMLParsingTest.app */;
			productType = "com.apple.product-type.application";
		};
/* End PBXNativeTarget section */

/* Begin PBXProject section */
		F0C58F45249A45390007188A /* Project object */ = {
			isa = PBXProject;
			attributes = {
				LastSwiftUpdateCheck = 1150;
				LastUpgradeCheck = 1150;
				ORGANIZATIONNAME = "Hugo Flores Perez";
				TargetAttributes = {
					F0C58F4C249A45390007188A = {
						CreatedOnToolsVersion = 11.5;
					};
				};
			};
			buildConfigurationList = F0C58F48249A45390007188A /* Build configuration list for PBXProject "XMLParsingTest" */;
			compatibilityVersion = "Xcode 9.3";
			developmentRegion = en;
			hasScannedForEncodings = 0;
			knownRegions = (
				en,
				Base,
			);
			mainGroup = F0C58F44249A45390007188A;
			productRefGroup = F0C58F4E249A45390007188A /* Products */;
			projectDirPath = "";
			projectRoot = "";
			targets = (
				F0C58F4C249A45390007188A /* XMLParsingTest */,
			);
		};
/* End PBXProject section */

/* Begin PBXResourcesBuildPhase section */
		F0C58F4B249A45390007188A /* Resources */ = {
			isa = PBXResourcesBuildPhase;
			buildActionMask = 2147483647;
			files = (
				F0C58F5D249A453C0007188A /* LaunchScreen.storyboard in Resources */,
				F0C58F5A249A453C0007188A /* Assets.xcassets in Resources */,
				F0C58F65249A461B0007188A /* Books.xml in Resources */,
				F0C58F67249A5ECE0007188A /* part_pv.xml in Resources */,
				F0C58F58249A45390007188A /* Main.storyboard in Resources */,
			);
			runOnlyForDeploymentPostprocessing = 0;
		};
/* End PBXResourcesBuildPhase section */

/* Begin PBXSourcesBuildPhase section */
		F0C58F49249A45390007188A /* Sources */ = {
			isa = PBXSourcesBuildPhase;
			buildActionMask = 2147483647;
			files = (
				F0C58F55249A45390007188A /* ViewController.swift in Sources */,
				F0C58F51249A45390007188A /* AppDelegate.swift in Sources */,
				F0C58F53249A45390007188A /* SceneDelegate.swift in Sources */,
			);
			runOnlyForDeploymentPostprocessing = 0;
		};
/* End PBXSourcesBuildPhase section */

/* Begin PBXVariantGroup section */
		F0C58F56249A45390007188A /* Main.storyboard */ = {
			isa = PBXVariantGroup;
			children = (
				F0C58F57249A45390007188A /* Base */,
			);
			name = Main.storyboard;
			sourceTree = "<group>";
		};
		F0C58F5B249A453C0007188A /* LaunchScreen.storyboard */ = {
			isa = PBXVariantGroup;
			children = (
				F0C58F5C249A453C0007188A /* Base */,
			);
			name = LaunchScreen.storyboard;
			sourceTree = "<group>";
		};
/* End PBXVariantGroup section */

/* Begin XCBuildConfiguration section */
		F0C58F5F249A453C0007188A /* Debug */ = {
			isa = XCBuildConfiguration;
			buildSettings = {
				ALWAYS_SEARCH_USER_PATHS = NO;
				CLANG_ANALYZER_NONNULL = YES;
				CLANG_ANALYZER_NUMBER_OBJECT_CONVERSION = YES_AGGRESSIVE;
				CLANG_CXX_LANGUAGE_STANDARD = "gnu++14";
				CLANG_CXX_LIBRARY = "libc++";
				CLANG_ENABLE_MODULES = YES;
				CLANG_ENABLE_OBJC_ARC = YES;
				CLANG_ENABLE_OBJC_WEAK = YES;
				CLANG_WARN_BLOCK_CAPTURE_AUTORELEASING = YES;
				CLANG_WARN_BOOL_CONVERSION = YES;
				CLANG_WARN_COMMA = YES;
				CLANG_WARN_CONSTANT_CONVERSION = YES;
				CLANG_WARN_DEPRECATED_OBJC_IMPLEMENTATIONS = YES;
				CLANG_WARN_DIRECT_OBJC_ISA_USAGE = YES_ERROR;
				CLANG_WARN_DOCUMENTATION_COMMENTS = YES;
				CLANG_WARN_EMPTY_BODY = YES;
				CLANG_WARN_ENUM_CONVERSION = YES;
				CLANG_WARN_INFINITE_RECURSION = YES;
				CLANG_WARN_INT_CONVERSION = YES;
				CLANG_WARN_NON_LITERAL_NULL_CONVERSION = YES;
				CLANG_WARN_OBJC_IMPLICIT_RETAIN_SELF = YES;
				CLANG_WARN_OBJC_LITERAL_CONVERSION = YES;
				CLANG_WARN_OBJC_ROOT_CLASS = YES_ERROR;
				CLANG_WARN_RANGE_LOOP_ANALYSIS = YES;
				CLANG_WARN_STRICT_PROTOTYPES = YES;
				CLANG_WARN_SUSPICIOUS_MOVE = YES;
				CLANG_WARN_UNGUARDED_AVAILABILITY = YES_AGGRESSIVE;
				CLANG_WARN_UNREACHABLE_CODE = YES;
				CLANG_WARN__DUPLICATE_METHOD_MATCH = YES;
				COPY_PHASE_STRIP = NO;
				DEBUG_INFORMATION_FORMAT = dwarf;
				ENABLE_STRICT_OBJC_MSGSEND = YES;
				ENABLE_TESTABILITY = YES;
				GCC_C_LANGUAGE_STANDARD = gnu11;
				GCC_DYNAMIC_NO_PIC = NO;
				GCC_NO_COMMON_BLOCKS = YES;
				GCC_OPTIMIZATION_LEVEL = 0;
				GCC_PREPROCESSOR_DEFINITIONS = (
					"DEBUG=1",
					"$(inherited)",
				);
				GCC_WARN_64_TO_32_BIT_CONVERSION = YES;
				GCC_WARN_ABOUT_RETURN_TYPE = YES_ERROR;
				GCC_WARN_UNDECLARED_SELECTOR = YES;
				GCC_WARN_UNINITIALIZED_AUTOS = YES_AGGRESSIVE;
				GCC_WARN_UNUSED_FUNCTION = YES;
				GCC_WARN_UNUSED_VARIABLE = YES;
				IPHONEOS_DEPLOYMENT_TARGET = 13.5;
				MTL_ENABLE_DEBUG_INFO = INCLUDE_SOURCE;
				MTL_FAST_MATH = YES;
				ONLY_ACTIVE_ARCH = YES;
				SDKROOT = iphoneos;
				SWIFT_ACTIVE_COMPILATION_CONDITIONS = DEBUG;
				SWIFT_OPTIMIZATION_LEVEL = "-Onone";
			};
			name = Debug;
		};
		F0C58F60249A453C0007188A /* Release */ = {
			isa = XCBuildConfiguration;
			buildSettings = {
				ALWAYS_SEARCH_USER_PATHS = NO;
				CLANG_ANALYZER_NONNULL = YES;
				CLANG_ANALYZER_NUMBER_OBJECT_CONVERSION = YES_AGGRESSIVE;
				CLANG_CXX_LANGUAGE_STANDARD = "gnu++14";
				CLANG_CXX_LIBRARY = "libc++";
				CLANG_ENABLE_MODULES = YES;
				CLANG_ENABLE_OBJC_ARC = YES;
				CLANG_ENABLE_OBJC_WEAK = YES;
				CLANG_WARN_BLOCK_CAPTURE_AUTORELEASING = YES;
				CLANG_WARN_BOOL_CONVERSION = YES;
				CLANG_WARN_COMMA = YES;
				CLANG_WARN_CONSTANT_CONVERSION = YES;
				CLANG_WARN_DEPRECATED_OBJC_IMPLEMENTATIONS = YES;
				CLANG_WARN_DIRECT_OBJC_ISA_USAGE = YES_ERROR;
				CLANG_WARN_DOCUMENTATION_COMMENTS = YES;
				CLANG_WARN_EMPTY_BODY = YES;
				CLANG_WARN_ENUM_CONVERSION = YES;
				CLANG_WARN_INFINITE_RECURSION = YES;
				CLANG_WARN_INT_CONVERSION = YES;
				CLANG_WARN_NON_LITERAL_NULL_CONVERSION = YES;
				CLANG_WARN_OBJC_IMPLICIT_RETAIN_SELF = YES;
				CLANG_WARN_OBJC_LITERAL_CONVERSION = YES;
				CLANG_WARN_OBJC_ROOT_CLASS = YES_ERROR;
				CLANG_WARN_RANGE_LOOP_ANALYSIS = YES;
				CLANG_WARN_STRICT_PROTOTYPES = YES;
				CLANG_WARN_SUSPICIOUS_MOVE = YES;
				CLANG_WARN_UNGUARDED_AVAILABILITY = YES_AGGRESSIVE;
				CLANG_WARN_UNREACHABLE_CODE = YES;
				CLANG_WARN__DUPLICATE_METHOD_MATCH = YES;
				COPY_PHASE_STRIP = NO;
				DEBUG_INFORMATION_FORMAT = "dwarf-with-dsym";
				ENABLE_NS_ASSERTIONS = NO;
				ENABLE_STRICT_OBJC_MSGSEND = YES;
				GCC_C_LANGUAGE_STANDARD = gnu11;
				GCC_NO_COMMON_BLOCKS = YES;
				GCC_WARN_64_TO_32_BIT_CONVERSION = YES;
				GCC_WARN_ABOUT_RETURN_TYPE = YES_ERROR;
				GCC_WARN_UNDECLARED_SELECTOR = YES;
				GCC_WARN_UNINITIALIZED_AUTOS = YES_AGGRESSIVE;
				GCC_WARN_UNUSED_FUNCTION = YES;
				GCC_WARN_UNUSED_VARIABLE = YES;
				IPHONEOS_DEPLOYMENT_TARGET = 13.5;
				MTL_ENABLE_DEBUG_INFO = NO;
				MTL_FAST_MATH = YES;
				SDKROOT = iphoneos;
				SWIFT_COMPILATION_MODE = wholemodule;
				SWIFT_OPTIMIZATION_LEVEL = "-O";
				VALIDATE_PRODUCT = YES;
			};
			name = Release;
		};
		F0C58F62249A453C0007188A /* Debug */ = {
			isa = XCBuildConfiguration;
			buildSettings = {
				ASSETCATALOG_COMPILER_APPICON_NAME = AppIcon;
				CODE_SIGN_STYLE = Automatic;
				INFOPLIST_FILE = XMLParsingTest/Info.plist;
				LD_RUNPATH_SEARCH_PATHS = (
					"$(inherited)",
					"@executable_path/Frameworks",
				);
				PRODUCT_BUNDLE_IDENTIFIER = com.hfp.XMLParsingTest;
				PRODUCT_NAME = "$(TARGET_NAME)";
				SWIFT_VERSION = 5.0;
				TARGETED_DEVICE_FAMILY = "1,2";
			};
			name = Debug;
		};
		F0C58F63249A453C0007188A /* Release */ = {
			isa = XCBuildConfiguration;
			buildSettings = {
				ASSETCATALOG_COMPILER_APPICON_NAME = AppIcon;
				CODE_SIGN_STYLE = Automatic;
				INFOPLIST_FILE = XMLParsingTest/Info.plist;
				LD_RUNPATH_SEARCH_PATHS = (
					"$(inherited)",
					"@executable_path/Frameworks",
				);
				PRODUCT_BUNDLE_IDENTIFIER = com.hfp.XMLParsingTest;
				PRODUCT_NAME = "$(TARGET_NAME)";
				SWIFT_VERSION = 5.0;
				TARGETED_DEVICE_FAMILY = "1,2";
			};
			name = Release;
		};
/* End XCBuildConfiguration section */

/* Begin XCConfigurationList section */
		F0C58F48249A45390007188A /* Build configuration list for PBXProject "XMLParsingTest" */ = {
			isa = XCConfigurationList;
			buildConfigurations = (
				F0C58F5F249A453C0007188A /* Debug */,
				F0C58F60249A453C0007188A /* Release */,
			);
			defaultConfigurationIsVisible = 0;
			defaultConfigurationName = Release;
		};
		F0C58F61249A453C0007188A /* Build configuration list for PBXNativeTarget "XMLParsingTest" */ = {
			isa = XCConfigurationList;
			buildConfigurations = (
				F0C58F62249A453C0007188A /* Debug */,
				F0C58F63249A453C0007188A /* Release */,
			);
			defaultConfigurationIsVisible = 0;
			defaultConfigurationName = Release;
		};
/* End XCConfigurationList section */
	};
	rootObject = F0C58F45249A45390007188A /* Project object */;
}
